// !$*UTF8*$!
{
	archiveVersion = 1;
	classes = {
	};
	objectVersion = 55;
	objects = {

/* Begin PBXBuildFile section */
		B4F9776628A0C3650054DB54 /* ViewController+CollectionViewDelegate.swift in Sources */ = {isa = PBXBuildFile; fileRef = B4F9776528A0C3650054DB54 /* ViewController+CollectionViewDelegate.swift */; };
		B4FC83D3289A97170068B14D /* AppDelegate.swift in Sources */ = {isa = PBXBuildFile; fileRef = B4FC83D2289A97170068B14D /* AppDelegate.swift */; };
		B4FC83D5289A97170068B14D /* SceneDelegate.swift in Sources */ = {isa = PBXBuildFile; fileRef = B4FC83D4289A97170068B14D /* SceneDelegate.swift */; };
		B4FC83D7289A97170068B14D /* ViewController.swift in Sources */ = {isa = PBXBuildFile; fileRef = B4FC83D6289A97170068B14D /* ViewController.swift */; };
		B4FC83DA289A97170068B14D /* Main.storyboard in Resources */ = {isa = PBXBuildFile; fileRef = B4FC83D8289A97170068B14D /* Main.storyboard */; };
		B4FC83DC289A97180068B14D /* Assets.xcassets in Resources */ = {isa = PBXBuildFile; fileRef = B4FC83DB289A97180068B14D /* Assets.xcassets */; };
		B4FC83DF289A97180068B14D /* LaunchScreen.storyboard in Resources */ = {isa = PBXBuildFile; fileRef = B4FC83DD289A97180068B14D /* LaunchScreen.storyboard */; };
		B4FC83F5289D10BA0068B14D /* CollectionViewCellDelegate.swift in Sources */ = {isa = PBXBuildFile; fileRef = B4FC83F4289D10BA0068B14D /* CollectionViewCellDelegate.swift */; };
		B4FC83F8289D11E50068B14D /* CollectionViewCell.swift in Sources */ = {isa = PBXBuildFile; fileRef = B4FC83F6289D11E50068B14D /* CollectionViewCell.swift */; };
		B4FC83F9289D11E50068B14D /* CollectionViewCell.xib in Resources */ = {isa = PBXBuildFile; fileRef = B4FC83F7289D11E50068B14D /* CollectionViewCell.xib */; };
/* End PBXBuildFile section */

/* Begin PBXFileReference section */
		B4F9776528A0C3650054DB54 /* ViewController+CollectionViewDelegate.swift */ = {isa = PBXFileReference; fileEncoding = 4; lastKnownFileType = sourcecode.swift; path = "ViewController+CollectionViewDelegate.swift"; sourceTree = "<group>"; };
		B4FC83CF289A97170068B14D /* delegate.app */ = {isa = PBXFileReference; explicitFileType = wrapper.application; includeInIndex = 0; path = delegate.app; sourceTree = BUILT_PRODUCTS_DIR; };
		B4FC83D2289A97170068B14D /* AppDelegate.swift */ = {isa = PBXFileReference; lastKnownFileType = sourcecode.swift; path = AppDelegate.swift; sourceTree = "<group>"; };
		B4FC83D4289A97170068B14D /* SceneDelegate.swift */ = {isa = PBXFileReference; lastKnownFileType = sourcecode.swift; path = SceneDelegate.swift; sourceTree = "<group>"; };
		B4FC83D6289A97170068B14D /* ViewController.swift */ = {isa = PBXFileReference; lastKnownFileType = sourcecode.swift; path = ViewController.swift; sourceTree = "<group>"; };
		B4FC83D9289A97170068B14D /* Base */ = {isa = PBXFileReference; lastKnownFileType = file.storyboard; name = Base; path = Base.lproj/Main.storyboard; sourceTree = "<group>"; };
		B4FC83DB289A97180068B14D /* Assets.xcassets */ = {isa = PBXFileReference; lastKnownFileType = folder.assetcatalog; path = Assets.xcassets; sourceTree = "<group>"; };
		B4FC83DE289A97180068B14D /* Base */ = {isa = PBXFileReference; lastKnownFileType = file.storyboard; name = Base; path = Base.lproj/LaunchScreen.storyboard; sourceTree = "<group>"; };
		B4FC83E0289A97180068B14D /* Info.plist */ = {isa = PBXFileReference; lastKnownFileType = text.plist.xml; path = Info.plist; sourceTree = "<group>"; };
		B4FC83F4289D10BA0068B14D /* CollectionViewCellDelegate.swift */ = {isa = PBXFileReference; fileEncoding = 4; lastKnownFileType = sourcecode.swift; path = CollectionViewCellDelegate.swift; sourceTree = "<group>"; };
		B4FC83F6289D11E50068B14D /* CollectionViewCell.swift */ = {isa = PBXFileReference; lastKnownFileType = sourcecode.swift; path = CollectionViewCell.swift; sourceTree = "<group>"; };
		B4FC83F7289D11E50068B14D /* CollectionViewCell.xib */ = {isa = PBXFileReference; lastKnownFileType = file.xib; path = CollectionViewCell.xib; sourceTree = "<group>"; };
/* End PBXFileReference section */

/* Begin PBXFrameworksBuildPhase section */
		B4FC83CC289A97170068B14D /* Frameworks */ = {
			isa = PBXFrameworksBuildPhase;
			buildActionMask = 2147483647;
			files = (
			);
			runOnlyForDeploymentPostprocessing = 0;
		};
/* End PBXFrameworksBuildPhase section */

/* Begin PBXGroup section */
		B4FC83C6289A97170068B14D = {
			isa = PBXGroup;
			children = (
				B4FC83D1289A97170068B14D /* delegate */,
				B4FC83D0289A97170068B14D /* Products */,
			);
			sourceTree = "<group>";
		};
		B4FC83D0289A97170068B14D /* Products */ = {
			isa = PBXGroup;
			children = (
				B4FC83CF289A97170068B14D /* delegate.app */,
			);
			name = Products;
			sourceTree = "<group>";
		};
		B4FC83D1289A97170068B14D /* delegate */ = {
			isa = PBXGroup;
			children = (
				B4FC83D2289A97170068B14D /* AppDelegate.swift */,
				B4FC83D4289A97170068B14D /* SceneDelegate.swift */,
				B4FC83D6289A97170068B14D /* ViewController.swift */,
				B4FC83D8289A97170068B14D /* Main.storyboard */,
				B4FC83DB289A97180068B14D /* Assets.xcassets */,
				B4FC83DD289A97180068B14D /* LaunchScreen.storyboard */,
				B4FC83E0289A97180068B14D /* Info.plist */,
				B4F9776528A0C3650054DB54 /* ViewController+CollectionViewDelegate.swift */,
				B4FC83F4289D10BA0068B14D /* CollectionViewCellDelegate.swift */,
				B4FC83F6289D11E50068B14D /* CollectionViewCell.swift */,
				B4FC83F7289D11E50068B14D /* CollectionViewCell.xib */,
			);
			path = delegate;
			sourceTree = "<group>";
		};
/* End PBXGroup section */

/* Begin PBXNativeTarget section */
		B4FC83CE289A97170068B14D /* delegate */ = {
			isa = PBXNativeTarget;
			buildConfigurationList = B4FC83E3289A97180068B14D /* Build configuration list for PBXNativeTarget "delegate" */;
			buildPhases = (
				B4FC83CB289A97170068B14D /* Sources */,
				B4FC83CC289A97170068B14D /* Frameworks */,
				B4FC83CD289A97170068B14D /* Resources */,
			);
			buildRules = (
			);
			dependencies = (
			);
			name = delegate;
			productName = delegate;
			productReference = B4FC83CF289A97170068B14D /* delegate.app */;
			productType = "com.apple.product-type.application";
		};
/* End PBXNativeTarget section */

/* Begin PBXProject section */
		B4FC83C7289A97170068B14D /* Project object */ = {
			isa = PBXProject;
			attributes = {
				BuildIndependentTargetsInParallel = 1;
				LastSwiftUpdateCheck = 1340;
				LastUpgradeCheck = 1340;
				TargetAttributes = {
					B4FC83CE289A97170068B14D = {
						CreatedOnToolsVersion = 13.4;
					};
				};
			};
			buildConfigurationList = B4FC83CA289A97170068B14D /* Build configuration list for PBXProject "delegate" */;
			compatibilityVersion = "Xcode 13.0";
			developmentRegion = en;
			hasScannedForEncodings = 0;
			knownRegions = (
				en,
				Base,
			);
			mainGroup = B4FC83C6289A97170068B14D;
			productRefGroup = B4FC83D0289A97170068B14D /* Products */;
			projectDirPath = "";
			projectRoot = "";
			targets = (
				B4FC83CE289A97170068B14D /* delegate */,
			);
		};
/* End PBXProject section */

/* Begin PBXResourcesBuildPhase section */
		B4FC83CD289A97170068B14D /* Resources */ = {
			isa = PBXResourcesBuildPhase;
			buildActionMask = 2147483647;
			files = (
				B4FC83DF289A97180068B14D /* LaunchScreen.storyboard in Resources */,
				B4FC83DC289A97180068B14D /* Assets.xcassets in Resources */,
				B4FC83F9289D11E50068B14D /* CollectionViewCell.xib in Resources */,
				B4FC83DA289A97170068B14D /* Main.storyboard in Resources */,
			);
			runOnlyForDeploymentPostprocessing = 0;
		};
/* End PBXResourcesBuildPhase section */

/* Begin PBXSourcesBuildPhase section */
		B4FC83CB289A97170068B14D /* Sources */ = {
			isa = PBXSourcesBuildPhase;
			buildActionMask = 2147483647;
			files = (
				B4FC83F5289D10BA0068B14D /* CollectionViewCellDelegate.swift in Sources */,
				B4FC83D7289A97170068B14D /* ViewController.swift in Sources */,
				B4FC83F8289D11E50068B14D /* CollectionViewCell.swift in Sources */,
				B4FC83D3289A97170068B14D /* AppDelegate.swift in Sources */,
				B4F9776628A0C3650054DB54 /* ViewController+CollectionViewDelegate.swift in Sources */,
				B4FC83D5289A97170068B14D /* SceneDelegate.swift in Sources */,
			);
			runOnlyForDeploymentPostprocessing = 0;
		};
/* End PBXSourcesBuildPhase section */

/* Begin PBXVariantGroup section */
		B4FC83D8289A97170068B14D /* Main.storyboard */ = {
			isa = PBXVariantGroup;
			children = (
				B4FC83D9289A97170068B14D /* Base */,
			);
			name = Main.storyboard;
			sourceTree = "<group>";
		};
		B4FC83DD289A97180068B14D /* LaunchScreen.storyboard */ = {
			isa = PBXVariantGroup;
			children = (
				B4FC83DE289A97180068B14D /* Base */,
			);
			name = LaunchScreen.storyboard;
			sourceTree = "<group>";
		};
/* End PBXVariantGroup section */

/* Begin XCBuildConfiguration section */
		B4FC83E1289A97180068B14D /* Debug */ = {
			isa = XCBuildConfiguration;
			buildSettings = {
				ALWAYS_SEARCH_USER_PATHS = NO;
				CLANG_ANALYZER_NONNULL = YES;
				CLANG_ANALYZER_NUMBER_OBJECT_CONVERSION = YES_AGGRESSIVE;
				CLANG_CXX_LANGUAGE_STANDARD = "gnu++17";
				CLANG_ENABLE_MODULES = YES;
				CLANG_ENABLE_OBJC_ARC = YES;
				CLANG_ENABLE_OBJC_WEAK = YES;
				CLANG_WARN_BLOCK_CAPTURE_AUTORELEASING = YES;
				CLANG_WARN_BOOL_CONVERSION = YES;
				CLANG_WARN_COMMA = YES;
				CLANG_WARN_CONSTANT_CONVERSION = YES;
				CLANG_WARN_DEPRECATED_OBJC_IMPLEMENTATIONS = YES;
				CLANG_WARN_DIRECT_OBJC_ISA_USAGE = YES_ERROR;
				CLANG_WARN_DOCUMENTATION_COMMENTS = YES;
				CLANG_WARN_EMPTY_BODY = YES;
				CLANG_WARN_ENUM_CONVERSION = YES;
				CLANG_WARN_INFINITE_RECURSION = YES;
				CLANG_WARN_INT_CONVERSION = YES;
				CLANG_WARN_NON_LITERAL_NULL_CONVERSION = YES;
				CLANG_WARN_OBJC_IMPLICIT_RETAIN_SELF = YES;
				CLANG_WARN_OBJC_LITERAL_CONVERSION = YES;
				CLANG_WARN_OBJC_ROOT_CLASS = YES_ERROR;
				CLANG_WARN_QUOTED_INCLUDE_IN_FRAMEWORK_HEADER = YES;
				CLANG_WARN_RANGE_LOOP_ANALYSIS = YES;
				CLANG_WARN_STRICT_PROTOTYPES = YES;
				CLANG_WARN_SUSPICIOUS_MOVE = YES;
				CLANG_WARN_UNGUARDED_AVAILABILITY = YES_AGGRESSIVE;
				CLANG_WARN_UNREACHABLE_CODE = YES;
				CLANG_WARN__DUPLICATE_METHOD_MATCH = YES;
				COPY_PHASE_STRIP = NO;
				DEBUG_INFORMATION_FORMAT = dwarf;
				ENABLE_STRICT_OBJC_MSGSEND = YES;
				ENABLE_TESTABILITY = YES;
				GCC_C_LANGUAGE_STANDARD = gnu11;
				GCC_DYNAMIC_NO_PIC = NO;
				GCC_NO_COMMON_BLOCKS = YES;
				GCC_OPTIMIZATION_LEVEL = 0;
				GCC_PREPROCESSOR_DEFINITIONS = (
					"DEBUG=1",
					"$(inherited)",
				);
				GCC_WARN_64_TO_32_BIT_CONVERSION = YES;
				GCC_WARN_ABOUT_RETURN_TYPE = YES_ERROR;
				GCC_WARN_UNDECLARED_SELECTOR = YES;
				GCC_WARN_UNINITIALIZED_AUTOS = YES_AGGRESSIVE;
				GCC_WARN_UNUSED_FUNCTION = YES;
				GCC_WARN_UNUSED_VARIABLE = YES;
				IPHONEOS_DEPLOYMENT_TARGET = 15.5;
				MTL_ENABLE_DEBUG_INFO = INCLUDE_SOURCE;
				MTL_FAST_MATH = YES;
				ONLY_ACTIVE_ARCH = YES;
				SDKROOT = iphoneos;
				SWIFT_ACTIVE_COMPILATION_CONDITIONS = DEBUG;
				SWIFT_OPTIMIZATION_LEVEL = "-Onone";
			};
			name = Debug;
		};
		B4FC83E2289A97180068B14D /* Release */ = {
			isa = XCBuildConfiguration;
			buildSettings = {
				ALWAYS_SEARCH_USER_PATHS = NO;
				CLANG_ANALYZER_NONNULL = YES;
				CLANG_ANALYZER_NUMBER_OBJECT_CONVERSION = YES_AGGRESSIVE;
				CLANG_CXX_LANGUAGE_STANDARD = "gnu++17";
				CLANG_ENABLE_MODULES = YES;
				CLANG_ENABLE_OBJC_ARC = YES;
				CLANG_ENABLE_OBJC_WEAK = YES;
				CLANG_WARN_BLOCK_CAPTURE_AUTORELEASING = YES;
				CLANG_WARN_BOOL_CONVERSION = YES;
				CLANG_WARN_COMMA = YES;
				CLANG_WARN_CONSTANT_CONVERSION = YES;
				CLANG_WARN_DEPRECATED_OBJC_IMPLEMENTATIONS = YES;
				CLANG_WARN_DIRECT_OBJC_ISA_USAGE = YES_ERROR;
				CLANG_WARN_DOCUMENTATION_COMMENTS = YES;
				CLANG_WARN_EMPTY_BODY = YES;
				CLANG_WARN_ENUM_CONVERSION = YES;
				CLANG_WARN_INFINITE_RECURSION = YES;
				CLANG_WARN_INT_CONVERSION = YES;
				CLANG_WARN_NON_LITERAL_NULL_CONVERSION = YES;
				CLANG_WARN_OBJC_IMPLICIT_RETAIN_SELF = YES;
				CLANG_WARN_OBJC_LITERAL_CONVERSION = YES;
				CLANG_WARN_OBJC_ROOT_CLASS = YES_ERROR;
				CLANG_WARN_QUOTED_INCLUDE_IN_FRAMEWORK_HEADER = YES;
				CLANG_WARN_RANGE_LOOP_ANALYSIS = YES;
				CLANG_WARN_STRICT_PROTOTYPES = YES;
				CLANG_WARN_SUSPICIOUS_MOVE = YES;
				CLANG_WARN_UNGUARDED_AVAILABILITY = YES_AGGRESSIVE;
				CLANG_WARN_UNREACHABLE_CODE = YES;
				CLANG_WARN__DUPLICATE_METHOD_MATCH = YES;
				COPY_PHASE_STRIP = NO;
				DEBUG_INFORMATION_FORMAT = "dwarf-with-dsym";
				ENABLE_NS_ASSERTIONS = NO;
				ENABLE_STRICT_OBJC_MSGSEND = YES;
				GCC_C_LANGUAGE_STANDARD = gnu11;
				GCC_NO_COMMON_BLOCKS = YES;
				GCC_WARN_64_TO_32_BIT_CONVERSION = YES;
				GCC_WARN_ABOUT_RETURN_TYPE = YES_ERROR;
				GCC_WARN_UNDECLARED_SELECTOR = YES;
				GCC_WARN_UNINITIALIZED_AUTOS = YES_AGGRESSIVE;
				GCC_WARN_UNUSED_FUNCTION = YES;
				GCC_WARN_UNUSED_VARIABLE = YES;
				IPHONEOS_DEPLOYMENT_TARGET = 15.5;
				MTL_ENABLE_DEBUG_INFO = NO;
				MTL_FAST_MATH = YES;
				SDKROOT = iphoneos;
				SWIFT_COMPILATION_MODE = wholemodule;
				SWIFT_OPTIMIZATION_LEVEL = "-O";
				VALIDATE_PRODUCT = YES;
			};
			name = Release;
		};
		B4FC83E4289A97180068B14D /* Debug */ = {
			isa = XCBuildConfiguration;
			buildSettings = {
				ASSETCATALOG_COMPILER_APPICON_NAME = AppIcon;
				ASSETCATALOG_COMPILER_GLOBAL_ACCENT_COLOR_NAME = AccentColor;
				CODE_SIGN_STYLE = Automatic;
				CURRENT_PROJECT_VERSION = 1;
				DEVELOPMENT_TEAM = 55SFVV6L94;
				GENERATE_INFOPLIST_FILE = YES;
				INFOPLIST_FILE = delegate/Info.plist;
				INFOPLIST_KEY_UIApplicationSupportsIndirectInputEvents = YES;
				INFOPLIST_KEY_UILaunchStoryboardName = LaunchScreen;
				INFOPLIST_KEY_UIMainStoryboardFile = Main;
				INFOPLIST_KEY_UISupportedInterfaceOrientations_iPad = "UIInterfaceOrientationPortrait UIInterfaceOrientationPortraitUpsideDown UIInterfaceOrientationLandscapeLeft UIInterfaceOrientationLandscapeRight";
				INFOPLIST_KEY_UISupportedInterfaceOrientations_iPhone = "UIInterfaceOrientationPortrait UIInterfaceOrientationLandscapeLeft UIInterfaceOrientationLandscapeRight";
				LD_RUNPATH_SEARCH_PATHS = (
					"$(inherited)",
					"@executable_path/Frameworks",
				);
				MARKETING_VERSION = 1.0;
				PRODUCT_BUNDLE_IDENTIFIER = com.risako070310.delegate;
				PRODUCT_NAME = "$(TARGET_NAME)";
				SWIFT_EMIT_LOC_STRINGS = YES;
				SWIFT_VERSION = 5.0;
				TARGETED_DEVICE_FAMILY = "1,2";
			};
			name = Debug;
		};
		B4FC83E5289A97180068B14D /* Release */ = {
			isa = XCBuildConfiguration;
			buildSettings = {
				ASSETCATALOG_COMPILER_APPICON_NAME = AppIcon;
				ASSETCATALOG_COMPILER_GLOBAL_ACCENT_COLOR_NAME = AccentColor;
				CODE_SIGN_STYLE = Automatic;
				CURRENT_PROJECT_VERSION = 1;
				DEVELOPMENT_TEAM = 55SFVV6L94;
				GENERATE_INFOPLIST_FILE = YES;
				INFOPLIST_FILE = delegate/Info.plist;
				INFOPLIST_KEY_UIApplicationSupportsIndirectInputEvents = YES;
				INFOPLIST_KEY_UILaunchStoryboardName = LaunchScreen;
				INFOPLIST_KEY_UIMainStoryboardFile = Main;
				INFOPLIST_KEY_UISupportedInterfaceOrientations_iPad = "UIInterfaceOrientationPortrait UIInterfaceOrientationPortraitUpsideDown UIInterfaceOrientationLandscapeLeft UIInterfaceOrientationLandscapeRight";
				INFOPLIST_KEY_UISupportedInterfaceOrientations_iPhone = "UIInterfaceOrientationPortrait UIInterfaceOrientationLandscapeLeft UIInterfaceOrientationLandscapeRight";
				LD_RUNPATH_SEARCH_PATHS = (
					"$(inherited)",
					"@executable_path/Frameworks",
				);
				MARKETING_VERSION = 1.0;
				PRODUCT_BUNDLE_IDENTIFIER = com.risako070310.delegate;
				PRODUCT_NAME = "$(TARGET_NAME)";
				SWIFT_EMIT_LOC_STRINGS = YES;
				SWIFT_VERSION = 5.0;
				TARGETED_DEVICE_FAMILY = "1,2";
			};
			name = Release;
		};
/* End XCBuildConfiguration section */

/* Begin XCConfigurationList section */
		B4FC83CA289A97170068B14D /* Build configuration list for PBXProject "delegate" */ = {
			isa = XCConfigurationList;
			buildConfigurations = (
				B4FC83E1289A97180068B14D /* Debug */,
				B4FC83E2289A97180068B14D /* Release */,
			);
			defaultConfigurationIsVisible = 0;
			defaultConfigurationName = Release;
		};
		B4FC83E3289A97180068B14D /* Build configuration list for PBXNativeTarget "delegate" */ = {
			isa = XCConfigurationList;
			buildConfigurations = (
				B4FC83E4289A97180068B14D /* Debug */,
				B4FC83E5289A97180068B14D /* Release */,
			);
			defaultConfigurationIsVisible = 0;
			defaultConfigurationName = Release;
		};
/* End XCConfigurationList section */
	};
	rootObject = B4FC83C7289A97170068B14D /* Project object */;
}
