// !$*UTF8*$!
{
	archiveVersion = 1;
	classes = {
	};
	objectVersion = 55;
	objects = {

/* Begin PBXBuildFile section */
		BB61A4F228917D3A005F43A1 /* AppDelegate.swift in Sources */ = {isa = PBXBuildFile; fileRef = BB61A4F128917D3A005F43A1 /* AppDelegate.swift */; };
		BB61A4F428917D3A005F43A1 /* SceneDelegate.swift in Sources */ = {isa = PBXBuildFile; fileRef = BB61A4F328917D3A005F43A1 /* SceneDelegate.swift */; };
		BB61A4F628917D3A005F43A1 /* ViewController.swift in Sources */ = {isa = PBXBuildFile; fileRef = BB61A4F528917D3A005F43A1 /* ViewController.swift */; };
		BB61A4F928917D3A005F43A1 /* Main.storyboard in Resources */ = {isa = PBXBuildFile; fileRef = BB61A4F728917D3A005F43A1 /* Main.storyboard */; };
		BB61A4FB28917D3C005F43A1 /* Assets.xcassets in Resources */ = {isa = PBXBuildFile; fileRef = BB61A4FA28917D3C005F43A1 /* Assets.xcassets */; };
		BB61A4FE28917D3C005F43A1 /* LaunchScreen.storyboard in Resources */ = {isa = PBXBuildFile; fileRef = BB61A4FC28917D3C005F43A1 /* LaunchScreen.storyboard */; };
		BB61A50628917FC4005F43A1 /* Renderer.swift in Sources */ = {isa = PBXBuildFile; fileRef = BB61A50528917FC4005F43A1 /* Renderer.swift */; };
		BB61A508289180BC005F43A1 /* ShaderCore.swift in Sources */ = {isa = PBXBuildFile; fileRef = BB61A507289180BC005F43A1 /* ShaderCore.swift */; };
		BB61A50A28918A3D005F43A1 /* Shader.metal in Sources */ = {isa = PBXBuildFile; fileRef = BB61A50928918A3D005F43A1 /* Shader.metal */; };
/* End PBXBuildFile section */

/* Begin PBXFileReference section */
		BB61A4EE28917D3A005F43A1 /* ComputeShader.app */ = {isa = PBXFileReference; explicitFileType = wrapper.application; includeInIndex = 0; path = ComputeShader.app; sourceTree = BUILT_PRODUCTS_DIR; };
		BB61A4F128917D3A005F43A1 /* AppDelegate.swift */ = {isa = PBXFileReference; lastKnownFileType = sourcecode.swift; path = AppDelegate.swift; sourceTree = "<group>"; };
		BB61A4F328917D3A005F43A1 /* SceneDelegate.swift */ = {isa = PBXFileReference; lastKnownFileType = sourcecode.swift; path = SceneDelegate.swift; sourceTree = "<group>"; };
		BB61A4F528917D3A005F43A1 /* ViewController.swift */ = {isa = PBXFileReference; lastKnownFileType = sourcecode.swift; path = ViewController.swift; sourceTree = "<group>"; };
		BB61A4F828917D3A005F43A1 /* Base */ = {isa = PBXFileReference; lastKnownFileType = file.storyboard; name = Base; path = Base.lproj/Main.storyboard; sourceTree = "<group>"; };
		BB61A4FA28917D3C005F43A1 /* Assets.xcassets */ = {isa = PBXFileReference; lastKnownFileType = folder.assetcatalog; path = Assets.xcassets; sourceTree = "<group>"; };
		BB61A4FD28917D3C005F43A1 /* Base */ = {isa = PBXFileReference; lastKnownFileType = file.storyboard; name = Base; path = Base.lproj/LaunchScreen.storyboard; sourceTree = "<group>"; };
		BB61A4FF28917D3C005F43A1 /* Info.plist */ = {isa = PBXFileReference; lastKnownFileType = text.plist.xml; path = Info.plist; sourceTree = "<group>"; };
		BB61A50528917FC4005F43A1 /* Renderer.swift */ = {isa = PBXFileReference; lastKnownFileType = sourcecode.swift; path = Renderer.swift; sourceTree = "<group>"; };
		BB61A507289180BC005F43A1 /* ShaderCore.swift */ = {isa = PBXFileReference; lastKnownFileType = sourcecode.swift; path = ShaderCore.swift; sourceTree = "<group>"; };
		BB61A50928918A3D005F43A1 /* Shader.metal */ = {isa = PBXFileReference; lastKnownFileType = sourcecode.metal; path = Shader.metal; sourceTree = "<group>"; };
/* End PBXFileReference section */

/* Begin PBXFrameworksBuildPhase section */
		BB61A4EB28917D3A005F43A1 /* Frameworks */ = {
			isa = PBXFrameworksBuildPhase;
			buildActionMask = 2147483647;
			files = (
			);
			runOnlyForDeploymentPostprocessing = 0;
		};
/* End PBXFrameworksBuildPhase section */

/* Begin PBXGroup section */
		BB61A4E528917D3A005F43A1 = {
			isa = PBXGroup;
			children = (
				BB61A4F028917D3A005F43A1 /* ComputeShader */,
				BB61A4EF28917D3A005F43A1 /* Products */,
			);
			sourceTree = "<group>";
		};
		BB61A4EF28917D3A005F43A1 /* Products */ = {
			isa = PBXGroup;
			children = (
				BB61A4EE28917D3A005F43A1 /* ComputeShader.app */,
			);
			name = Products;
			sourceTree = "<group>";
		};
		BB61A4F028917D3A005F43A1 /* ComputeShader */ = {
			isa = PBXGroup;
			children = (
				BB61A50928918A3D005F43A1 /* Shader.metal */,
				BB61A4F128917D3A005F43A1 /* AppDelegate.swift */,
				BB61A4F328917D3A005F43A1 /* SceneDelegate.swift */,
				BB61A4F528917D3A005F43A1 /* ViewController.swift */,
				BB61A50528917FC4005F43A1 /* Renderer.swift */,
				BB61A507289180BC005F43A1 /* ShaderCore.swift */,
				BB61A4F728917D3A005F43A1 /* Main.storyboard */,
				BB61A4FA28917D3C005F43A1 /* Assets.xcassets */,
				BB61A4FC28917D3C005F43A1 /* LaunchScreen.storyboard */,
				BB61A4FF28917D3C005F43A1 /* Info.plist */,
			);
			path = ComputeShader;
			sourceTree = "<group>";
		};
/* End PBXGroup section */

/* Begin PBXNativeTarget section */
		BB61A4ED28917D3A005F43A1 /* ComputeShader */ = {
			isa = PBXNativeTarget;
			buildConfigurationList = BB61A50228917D3C005F43A1 /* Build configuration list for PBXNativeTarget "ComputeShader" */;
			buildPhases = (
				BB61A4EA28917D3A005F43A1 /* Sources */,
				BB61A4EB28917D3A005F43A1 /* Frameworks */,
				BB61A4EC28917D3A005F43A1 /* Resources */,
			);
			buildRules = (
			);
			dependencies = (
			);
			name = ComputeShader;
			productName = ComputeShader;
			productReference = BB61A4EE28917D3A005F43A1 /* ComputeShader.app */;
			productType = "com.apple.product-type.application";
		};
/* End PBXNativeTarget section */

/* Begin PBXProject section */
		BB61A4E628917D3A005F43A1 /* Project object */ = {
			isa = PBXProject;
			attributes = {
				BuildIndependentTargetsInParallel = 1;
				LastSwiftUpdateCheck = 1310;
				LastUpgradeCheck = 1310;
				TargetAttributes = {
					BB61A4ED28917D3A005F43A1 = {
						CreatedOnToolsVersion = 13.1;
					};
				};
			};
			buildConfigurationList = BB61A4E928917D3A005F43A1 /* Build configuration list for PBXProject "ComputeShader" */;
			compatibilityVersion = "Xcode 13.0";
			developmentRegion = en;
			hasScannedForEncodings = 0;
			knownRegions = (
				en,
				Base,
			);
			mainGroup = BB61A4E528917D3A005F43A1;
			productRefGroup = BB61A4EF28917D3A005F43A1 /* Products */;
			projectDirPath = "";
			projectRoot = "";
			targets = (
				BB61A4ED28917D3A005F43A1 /* ComputeShader */,
			);
		};
/* End PBXProject section */

/* Begin PBXResourcesBuildPhase section */
		BB61A4EC28917D3A005F43A1 /* Resources */ = {
			isa = PBXResourcesBuildPhase;
			buildActionMask = 2147483647;
			files = (
				BB61A4FE28917D3C005F43A1 /* LaunchScreen.storyboard in Resources */,
				BB61A4FB28917D3C005F43A1 /* Assets.xcassets in Resources */,
				BB61A4F928917D3A005F43A1 /* Main.storyboard in Resources */,
			);
			runOnlyForDeploymentPostprocessing = 0;
		};
/* End PBXResourcesBuildPhase section */

/* Begin PBXSourcesBuildPhase section */
		BB61A4EA28917D3A005F43A1 /* Sources */ = {
			isa = PBXSourcesBuildPhase;
			buildActionMask = 2147483647;
			files = (
				BB61A50A28918A3D005F43A1 /* Shader.metal in Sources */,
				BB61A50628917FC4005F43A1 /* Renderer.swift in Sources */,
				BB61A4F628917D3A005F43A1 /* ViewController.swift in Sources */,
				BB61A4F228917D3A005F43A1 /* AppDelegate.swift in Sources */,
				BB61A508289180BC005F43A1 /* ShaderCore.swift in Sources */,
				BB61A4F428917D3A005F43A1 /* SceneDelegate.swift in Sources */,
			);
			runOnlyForDeploymentPostprocessing = 0;
		};
/* End PBXSourcesBuildPhase section */

/* Begin PBXVariantGroup section */
		BB61A4F728917D3A005F43A1 /* Main.storyboard */ = {
			isa = PBXVariantGroup;
			children = (
				BB61A4F828917D3A005F43A1 /* Base */,
			);
			name = Main.storyboard;
			sourceTree = "<group>";
		};
		BB61A4FC28917D3C005F43A1 /* LaunchScreen.storyboard */ = {
			isa = PBXVariantGroup;
			children = (
				BB61A4FD28917D3C005F43A1 /* Base */,
			);
			name = LaunchScreen.storyboard;
			sourceTree = "<group>";
		};
/* End PBXVariantGroup section */

/* Begin XCBuildConfiguration section */
		BB61A50028917D3C005F43A1 /* Debug */ = {
			isa = XCBuildConfiguration;
			buildSettings = {
				ALWAYS_SEARCH_USER_PATHS = NO;
				CLANG_ANALYZER_NONNULL = YES;
				CLANG_ANALYZER_NUMBER_OBJECT_CONVERSION = YES_AGGRESSIVE;
				CLANG_CXX_LANGUAGE_STANDARD = "gnu++17";
				CLANG_CXX_LIBRARY = "libc++";
				CLANG_ENABLE_MODULES = YES;
				CLANG_ENABLE_OBJC_ARC = YES;
				CLANG_ENABLE_OBJC_WEAK = YES;
				CLANG_WARN_BLOCK_CAPTURE_AUTORELEASING = YES;
				CLANG_WARN_BOOL_CONVERSION = YES;
				CLANG_WARN_COMMA = YES;
				CLANG_WARN_CONSTANT_CONVERSION = YES;
				CLANG_WARN_DEPRECATED_OBJC_IMPLEMENTATIONS = YES;
				CLANG_WARN_DIRECT_OBJC_ISA_USAGE = YES_ERROR;
				CLANG_WARN_DOCUMENTATION_COMMENTS = YES;
				CLANG_WARN_EMPTY_BODY = YES;
				CLANG_WARN_ENUM_CONVERSION = YES;
				CLANG_WARN_INFINITE_RECURSION = YES;
				CLANG_WARN_INT_CONVERSION = YES;
				CLANG_WARN_NON_LITERAL_NULL_CONVERSION = YES;
				CLANG_WARN_OBJC_IMPLICIT_RETAIN_SELF = YES;
				CLANG_WARN_OBJC_LITERAL_CONVERSION = YES;
				CLANG_WARN_OBJC_ROOT_CLASS = YES_ERROR;
				CLANG_WARN_QUOTED_INCLUDE_IN_FRAMEWORK_HEADER = YES;
				CLANG_WARN_RANGE_LOOP_ANALYSIS = YES;
				CLANG_WARN_STRICT_PROTOTYPES = YES;
				CLANG_WARN_SUSPICIOUS_MOVE = YES;
				CLANG_WARN_UNGUARDED_AVAILABILITY = YES_AGGRESSIVE;
				CLANG_WARN_UNREACHABLE_CODE = YES;
				CLANG_WARN__DUPLICATE_METHOD_MATCH = YES;
				COPY_PHASE_STRIP = NO;
				DEBUG_INFORMATION_FORMAT = dwarf;
				ENABLE_STRICT_OBJC_MSGSEND = YES;
				ENABLE_TESTABILITY = YES;
				GCC_C_LANGUAGE_STANDARD = gnu11;
				GCC_DYNAMIC_NO_PIC = NO;
				GCC_NO_COMMON_BLOCKS = YES;
				GCC_OPTIMIZATION_LEVEL = 0;
				GCC_PREPROCESSOR_DEFINITIONS = (
					"DEBUG=1",
					"$(inherited)",
				);
				GCC_WARN_64_TO_32_BIT_CONVERSION = YES;
				GCC_WARN_ABOUT_RETURN_TYPE = YES_ERROR;
				GCC_WARN_UNDECLARED_SELECTOR = YES;
				GCC_WARN_UNINITIALIZED_AUTOS = YES_AGGRESSIVE;
				GCC_WARN_UNUSED_FUNCTION = YES;
				GCC_WARN_UNUSED_VARIABLE = YES;
				IPHONEOS_DEPLOYMENT_TARGET = 15.0;
				MTL_ENABLE_DEBUG_INFO = INCLUDE_SOURCE;
				MTL_FAST_MATH = YES;
				ONLY_ACTIVE_ARCH = YES;
				SDKROOT = iphoneos;
				SWIFT_ACTIVE_COMPILATION_CONDITIONS = DEBUG;
				SWIFT_OPTIMIZATION_LEVEL = "-Onone";
			};
			name = Debug;
		};
		BB61A50128917D3C005F43A1 /* Release */ = {
			isa = XCBuildConfiguration;
			buildSettings = {
				ALWAYS_SEARCH_USER_PATHS = NO;
				CLANG_ANALYZER_NONNULL = YES;
				CLANG_ANALYZER_NUMBER_OBJECT_CONVERSION = YES_AGGRESSIVE;
				CLANG_CXX_LANGUAGE_STANDARD = "gnu++17";
				CLANG_CXX_LIBRARY = "libc++";
				CLANG_ENABLE_MODULES = YES;
				CLANG_ENABLE_OBJC_ARC = YES;
				CLANG_ENABLE_OBJC_WEAK = YES;
				CLANG_WARN_BLOCK_CAPTURE_AUTORELEASING = YES;
				CLANG_WARN_BOOL_CONVERSION = YES;
				CLANG_WARN_COMMA = YES;
				CLANG_WARN_CONSTANT_CONVERSION = YES;
				CLANG_WARN_DEPRECATED_OBJC_IMPLEMENTATIONS = YES;
				CLANG_WARN_DIRECT_OBJC_ISA_USAGE = YES_ERROR;
				CLANG_WARN_DOCUMENTATION_COMMENTS = YES;
				CLANG_WARN_EMPTY_BODY = YES;
				CLANG_WARN_ENUM_CONVERSION = YES;
				CLANG_WARN_INFINITE_RECURSION = YES;
				CLANG_WARN_INT_CONVERSION = YES;
				CLANG_WARN_NON_LITERAL_NULL_CONVERSION = YES;
				CLANG_WARN_OBJC_IMPLICIT_RETAIN_SELF = YES;
				CLANG_WARN_OBJC_LITERAL_CONVERSION = YES;
				CLANG_WARN_OBJC_ROOT_CLASS = YES_ERROR;
				CLANG_WARN_QUOTED_INCLUDE_IN_FRAMEWORK_HEADER = YES;
				CLANG_WARN_RANGE_LOOP_ANALYSIS = YES;
				CLANG_WARN_STRICT_PROTOTYPES = YES;
				CLANG_WARN_SUSPICIOUS_MOVE = YES;
				CLANG_WARN_UNGUARDED_AVAILABILITY = YES_AGGRESSIVE;
				CLANG_WARN_UNREACHABLE_CODE = YES;
				CLANG_WARN__DUPLICATE_METHOD_MATCH = YES;
				COPY_PHASE_STRIP = NO;
				DEBUG_INFORMATION_FORMAT = "dwarf-with-dsym";
				ENABLE_NS_ASSERTIONS = NO;
				ENABLE_STRICT_OBJC_MSGSEND = YES;
				GCC_C_LANGUAGE_STANDARD = gnu11;
				GCC_NO_COMMON_BLOCKS = YES;
				GCC_WARN_64_TO_32_BIT_CONVERSION = YES;
				GCC_WARN_ABOUT_RETURN_TYPE = YES_ERROR;
				GCC_WARN_UNDECLARED_SELECTOR = YES;
				GCC_WARN_UNINITIALIZED_AUTOS = YES_AGGRESSIVE;
				GCC_WARN_UNUSED_FUNCTION = YES;
				GCC_WARN_UNUSED_VARIABLE = YES;
				IPHONEOS_DEPLOYMENT_TARGET = 15.0;
				MTL_ENABLE_DEBUG_INFO = NO;
				MTL_FAST_MATH = YES;
				SDKROOT = iphoneos;
				SWIFT_COMPILATION_MODE = wholemodule;
				SWIFT_OPTIMIZATION_LEVEL = "-O";
				VALIDATE_PRODUCT = YES;
			};
			name = Release;
		};
		BB61A50328917D3C005F43A1 /* Debug */ = {
			isa = XCBuildConfiguration;
			buildSettings = {
				ASSETCATALOG_COMPILER_APPICON_NAME = AppIcon;
				ASSETCATALOG_COMPILER_GLOBAL_ACCENT_COLOR_NAME = AccentColor;
				CODE_SIGN_STYLE = Automatic;
				CURRENT_PROJECT_VERSION = 1;
				DEVELOPMENT_TEAM = XH2JMYC7KB;
				GENERATE_INFOPLIST_FILE = YES;
				INFOPLIST_FILE = ComputeShader/Info.plist;
				INFOPLIST_KEY_UIApplicationSupportsIndirectInputEvents = YES;
				INFOPLIST_KEY_UILaunchStoryboardName = LaunchScreen;
				INFOPLIST_KEY_UIMainStoryboardFile = Main;
				INFOPLIST_KEY_UISupportedInterfaceOrientations_iPad = "UIInterfaceOrientationPortrait UIInterfaceOrientationPortraitUpsideDown UIInterfaceOrientationLandscapeLeft UIInterfaceOrientationLandscapeRight";
				INFOPLIST_KEY_UISupportedInterfaceOrientations_iPhone = "UIInterfaceOrientationPortrait UIInterfaceOrientationLandscapeLeft UIInterfaceOrientationLandscapeRight";
				LD_RUNPATH_SEARCH_PATHS = (
					"$(inherited)",
					"@executable_path/Frameworks",
				);
				MARKETING_VERSION = 1.0;
				PRODUCT_BUNDLE_IDENTIFIER = com.yukiny.ComputeShader;
				PRODUCT_NAME = "$(TARGET_NAME)";
				SWIFT_EMIT_LOC_STRINGS = YES;
				SWIFT_VERSION = 5.0;
				TARGETED_DEVICE_FAMILY = "1,2";
			};
			name = Debug;
		};
		BB61A50428917D3C005F43A1 /* Release */ = {
			isa = XCBuildConfiguration;
			buildSettings = {
				ASSETCATALOG_COMPILER_APPICON_NAME = AppIcon;
				ASSETCATALOG_COMPILER_GLOBAL_ACCENT_COLOR_NAME = AccentColor;
				CODE_SIGN_STYLE = Automatic;
				CURRENT_PROJECT_VERSION = 1;
				DEVELOPMENT_TEAM = XH2JMYC7KB;
				GENERATE_INFOPLIST_FILE = YES;
				INFOPLIST_FILE = ComputeShader/Info.plist;
				INFOPLIST_KEY_UIApplicationSupportsIndirectInputEvents = YES;
				INFOPLIST_KEY_UILaunchStoryboardName = LaunchScreen;
				INFOPLIST_KEY_UIMainStoryboardFile = Main;
				INFOPLIST_KEY_UISupportedInterfaceOrientations_iPad = "UIInterfaceOrientationPortrait UIInterfaceOrientationPortraitUpsideDown UIInterfaceOrientationLandscapeLeft UIInterfaceOrientationLandscapeRight";
				INFOPLIST_KEY_UISupportedInterfaceOrientations_iPhone = "UIInterfaceOrientationPortrait UIInterfaceOrientationLandscapeLeft UIInterfaceOrientationLandscapeRight";
				LD_RUNPATH_SEARCH_PATHS = (
					"$(inherited)",
					"@executable_path/Frameworks",
				);
				MARKETING_VERSION = 1.0;
				PRODUCT_BUNDLE_IDENTIFIER = com.yukiny.ComputeShader;
				PRODUCT_NAME = "$(TARGET_NAME)";
				SWIFT_EMIT_LOC_STRINGS = YES;
				SWIFT_VERSION = 5.0;
				TARGETED_DEVICE_FAMILY = "1,2";
			};
			name = Release;
		};
/* End XCBuildConfiguration section */

/* Begin XCConfigurationList section */
		BB61A4E928917D3A005F43A1 /* Build configuration list for PBXProject "ComputeShader" */ = {
			isa = XCConfigurationList;
			buildConfigurations = (
				BB61A50028917D3C005F43A1 /* Debug */,
				BB61A50128917D3C005F43A1 /* Release */,
			);
			defaultConfigurationIsVisible = 0;
			defaultConfigurationName = Release;
		};
		BB61A50228917D3C005F43A1 /* Build configuration list for PBXNativeTarget "ComputeShader" */ = {
			isa = XCConfigurationList;
			buildConfigurations = (
				BB61A50328917D3C005F43A1 /* Debug */,
				BB61A50428917D3C005F43A1 /* Release */,
			);
			defaultConfigurationIsVisible = 0;
			defaultConfigurationName = Release;
		};
/* End XCConfigurationList section */
	};
	rootObject = BB61A4E628917D3A005F43A1 /* Project object */;
}
