// !$*UTF8*$!
{
	archiveVersion = 1;
	classes = {
	};
	objectVersion = 56;
	objects = {

/* Begin PBXBuildFile section */
		56F45F81299374A900108213 /* AppDelegate.swift in Sources */ = {isa = PBXBuildFile; fileRef = 56F45F80299374A900108213 /* AppDelegate.swift */; };
		56F45F83299374A900108213 /* SceneDelegate.swift in Sources */ = {isa = PBXBuildFile; fileRef = 56F45F82299374A900108213 /* SceneDelegate.swift */; };
		56F45F85299374A900108213 /* ViewController.swift in Sources */ = {isa = PBXBuildFile; fileRef = 56F45F84299374A900108213 /* ViewController.swift */; };
		56F45F88299374A900108213 /* Main.storyboard in Resources */ = {isa = PBXBuildFile; fileRef = 56F45F86299374A900108213 /* Main.storyboard */; };
		56F45F8A299374A900108213 /* Assets.xcassets in Resources */ = {isa = PBXBuildFile; fileRef = 56F45F89299374A900108213 /* Assets.xcassets */; };
		56F45F8D299374A900108213 /* LaunchScreen.storyboard in Resources */ = {isa = PBXBuildFile; fileRef = 56F45F8B299374A900108213 /* LaunchScreen.storyboard */; };
		56F45F972993756E00108213 /* ShaderCore.swift in Sources */ = {isa = PBXBuildFile; fileRef = 56F45F962993756E00108213 /* ShaderCore.swift */; };
		56F45F99299375C100108213 /* Renderer.swift in Sources */ = {isa = PBXBuildFile; fileRef = 56F45F98299375C100108213 /* Renderer.swift */; };
		56F45F9B299376B000108213 /* ConstantParameters.swift in Sources */ = {isa = PBXBuildFile; fileRef = 56F45F9A299376B000108213 /* ConstantParameters.swift */; };
		56F45F9D299379AC00108213 /* Shader.metal in Sources */ = {isa = PBXBuildFile; fileRef = 56F45F9C299379AC00108213 /* Shader.metal */; };
		56F45F9F29937A7000108213 /* Vertex.swift in Sources */ = {isa = PBXBuildFile; fileRef = 56F45F9E29937A7000108213 /* Vertex.swift */; };
/* End PBXBuildFile section */

/* Begin PBXFileReference section */
		56F45F7D299374A900108213 /* Shader.app */ = {isa = PBXFileReference; explicitFileType = wrapper.application; includeInIndex = 0; path = Shader.app; sourceTree = BUILT_PRODUCTS_DIR; };
		56F45F80299374A900108213 /* AppDelegate.swift */ = {isa = PBXFileReference; lastKnownFileType = sourcecode.swift; path = AppDelegate.swift; sourceTree = "<group>"; };
		56F45F82299374A900108213 /* SceneDelegate.swift */ = {isa = PBXFileReference; lastKnownFileType = sourcecode.swift; path = SceneDelegate.swift; sourceTree = "<group>"; };
		56F45F84299374A900108213 /* ViewController.swift */ = {isa = PBXFileReference; lastKnownFileType = sourcecode.swift; path = ViewController.swift; sourceTree = "<group>"; };
		56F45F87299374A900108213 /* Base */ = {isa = PBXFileReference; lastKnownFileType = file.storyboard; name = Base; path = Base.lproj/Main.storyboard; sourceTree = "<group>"; };
		56F45F89299374A900108213 /* Assets.xcassets */ = {isa = PBXFileReference; lastKnownFileType = folder.assetcatalog; path = Assets.xcassets; sourceTree = "<group>"; };
		56F45F8C299374A900108213 /* Base */ = {isa = PBXFileReference; lastKnownFileType = file.storyboard; name = Base; path = Base.lproj/LaunchScreen.storyboard; sourceTree = "<group>"; };
		56F45F8E299374A900108213 /* Info.plist */ = {isa = PBXFileReference; lastKnownFileType = text.plist.xml; path = Info.plist; sourceTree = "<group>"; };
		56F45F962993756E00108213 /* ShaderCore.swift */ = {isa = PBXFileReference; lastKnownFileType = sourcecode.swift; path = ShaderCore.swift; sourceTree = "<group>"; };
		56F45F98299375C100108213 /* Renderer.swift */ = {isa = PBXFileReference; lastKnownFileType = sourcecode.swift; path = Renderer.swift; sourceTree = "<group>"; };
		56F45F9A299376B000108213 /* ConstantParameters.swift */ = {isa = PBXFileReference; lastKnownFileType = sourcecode.swift; path = ConstantParameters.swift; sourceTree = "<group>"; };
		56F45F9C299379AC00108213 /* Shader.metal */ = {isa = PBXFileReference; lastKnownFileType = sourcecode.metal; path = Shader.metal; sourceTree = "<group>"; };
		56F45F9E29937A7000108213 /* Vertex.swift */ = {isa = PBXFileReference; lastKnownFileType = sourcecode.swift; path = Vertex.swift; sourceTree = "<group>"; };
/* End PBXFileReference section */

/* Begin PBXFrameworksBuildPhase section */
		56F45F7A299374A900108213 /* Frameworks */ = {
			isa = PBXFrameworksBuildPhase;
			buildActionMask = 2147483647;
			files = (
			);
			runOnlyForDeploymentPostprocessing = 0;
		};
/* End PBXFrameworksBuildPhase section */

/* Begin PBXGroup section */
		56F45F74299374A900108213 = {
			isa = PBXGroup;
			children = (
				56F45F7F299374A900108213 /* Shader */,
				56F45F7E299374A900108213 /* Products */,
			);
			sourceTree = "<group>";
		};
		56F45F7E299374A900108213 /* Products */ = {
			isa = PBXGroup;
			children = (
				56F45F7D299374A900108213 /* Shader.app */,
			);
			name = Products;
			sourceTree = "<group>";
		};
		56F45F7F299374A900108213 /* Shader */ = {
			isa = PBXGroup;
			children = (
				56F45F80299374A900108213 /* AppDelegate.swift */,
				56F45F82299374A900108213 /* SceneDelegate.swift */,
				56F45F84299374A900108213 /* ViewController.swift */,
				56F45F98299375C100108213 /* Renderer.swift */,
				56F45F962993756E00108213 /* ShaderCore.swift */,
				56F45F9E29937A7000108213 /* Vertex.swift */,
				56F45F9A299376B000108213 /* ConstantParameters.swift */,
				56F45F9C299379AC00108213 /* Shader.metal */,
				56F45F86299374A900108213 /* Main.storyboard */,
				56F45F89299374A900108213 /* Assets.xcassets */,
				56F45F8B299374A900108213 /* LaunchScreen.storyboard */,
				56F45F8E299374A900108213 /* Info.plist */,
			);
			path = Shader;
			sourceTree = "<group>";
		};
/* End PBXGroup section */

/* Begin PBXNativeTarget section */
		56F45F7C299374A900108213 /* Shader */ = {
			isa = PBXNativeTarget;
			buildConfigurationList = 56F45F91299374A900108213 /* Build configuration list for PBXNativeTarget "Shader" */;
			buildPhases = (
				56F45F79299374A900108213 /* Sources */,
				56F45F7A299374A900108213 /* Frameworks */,
				56F45F7B299374A900108213 /* Resources */,
			);
			buildRules = (
			);
			dependencies = (
			);
			name = Shader;
			productName = Shader;
			productReference = 56F45F7D299374A900108213 /* Shader.app */;
			productType = "com.apple.product-type.application";
		};
/* End PBXNativeTarget section */

/* Begin PBXProject section */
		56F45F75299374A900108213 /* Project object */ = {
			isa = PBXProject;
			attributes = {
				BuildIndependentTargetsInParallel = 1;
				LastSwiftUpdateCheck = 1420;
				LastUpgradeCheck = 1420;
				TargetAttributes = {
					56F45F7C299374A900108213 = {
						CreatedOnToolsVersion = 14.2;
					};
				};
			};
			buildConfigurationList = 56F45F78299374A900108213 /* Build configuration list for PBXProject "Shader" */;
			compatibilityVersion = "Xcode 14.0";
			developmentRegion = en;
			hasScannedForEncodings = 0;
			knownRegions = (
				en,
				Base,
			);
			mainGroup = 56F45F74299374A900108213;
			productRefGroup = 56F45F7E299374A900108213 /* Products */;
			projectDirPath = "";
			projectRoot = "";
			targets = (
				56F45F7C299374A900108213 /* Shader */,
			);
		};
/* End PBXProject section */

/* Begin PBXResourcesBuildPhase section */
		56F45F7B299374A900108213 /* Resources */ = {
			isa = PBXResourcesBuildPhase;
			buildActionMask = 2147483647;
			files = (
				56F45F8D299374A900108213 /* LaunchScreen.storyboard in Resources */,
				56F45F8A299374A900108213 /* Assets.xcassets in Resources */,
				56F45F88299374A900108213 /* Main.storyboard in Resources */,
			);
			runOnlyForDeploymentPostprocessing = 0;
		};
/* End PBXResourcesBuildPhase section */

/* Begin PBXSourcesBuildPhase section */
		56F45F79299374A900108213 /* Sources */ = {
			isa = PBXSourcesBuildPhase;
			buildActionMask = 2147483647;
			files = (
				56F45F85299374A900108213 /* ViewController.swift in Sources */,
				56F45F9B299376B000108213 /* ConstantParameters.swift in Sources */,
				56F45F81299374A900108213 /* AppDelegate.swift in Sources */,
				56F45F972993756E00108213 /* ShaderCore.swift in Sources */,
				56F45F99299375C100108213 /* Renderer.swift in Sources */,
				56F45F9F29937A7000108213 /* Vertex.swift in Sources */,
				56F45F9D299379AC00108213 /* Shader.metal in Sources */,
				56F45F83299374A900108213 /* SceneDelegate.swift in Sources */,
			);
			runOnlyForDeploymentPostprocessing = 0;
		};
/* End PBXSourcesBuildPhase section */

/* Begin PBXVariantGroup section */
		56F45F86299374A900108213 /* Main.storyboard */ = {
			isa = PBXVariantGroup;
			children = (
				56F45F87299374A900108213 /* Base */,
			);
			name = Main.storyboard;
			sourceTree = "<group>";
		};
		56F45F8B299374A900108213 /* LaunchScreen.storyboard */ = {
			isa = PBXVariantGroup;
			children = (
				56F45F8C299374A900108213 /* Base */,
			);
			name = LaunchScreen.storyboard;
			sourceTree = "<group>";
		};
/* End PBXVariantGroup section */

/* Begin XCBuildConfiguration section */
		56F45F8F299374A900108213 /* Debug */ = {
			isa = XCBuildConfiguration;
			buildSettings = {
				ALWAYS_SEARCH_USER_PATHS = NO;
				CLANG_ANALYZER_NONNULL = YES;
				CLANG_ANALYZER_NUMBER_OBJECT_CONVERSION = YES_AGGRESSIVE;
				CLANG_CXX_LANGUAGE_STANDARD = "gnu++20";
				CLANG_ENABLE_MODULES = YES;
				CLANG_ENABLE_OBJC_ARC = YES;
				CLANG_ENABLE_OBJC_WEAK = YES;
				CLANG_WARN_BLOCK_CAPTURE_AUTORELEASING = YES;
				CLANG_WARN_BOOL_CONVERSION = YES;
				CLANG_WARN_COMMA = YES;
				CLANG_WARN_CONSTANT_CONVERSION = YES;
				CLANG_WARN_DEPRECATED_OBJC_IMPLEMENTATIONS = YES;
				CLANG_WARN_DIRECT_OBJC_ISA_USAGE = YES_ERROR;
				CLANG_WARN_DOCUMENTATION_COMMENTS = YES;
				CLANG_WARN_EMPTY_BODY = YES;
				CLANG_WARN_ENUM_CONVERSION = YES;
				CLANG_WARN_INFINITE_RECURSION = YES;
				CLANG_WARN_INT_CONVERSION = YES;
				CLANG_WARN_NON_LITERAL_NULL_CONVERSION = YES;
				CLANG_WARN_OBJC_IMPLICIT_RETAIN_SELF = YES;
				CLANG_WARN_OBJC_LITERAL_CONVERSION = YES;
				CLANG_WARN_OBJC_ROOT_CLASS = YES_ERROR;
				CLANG_WARN_QUOTED_INCLUDE_IN_FRAMEWORK_HEADER = YES;
				CLANG_WARN_RANGE_LOOP_ANALYSIS = YES;
				CLANG_WARN_STRICT_PROTOTYPES = YES;
				CLANG_WARN_SUSPICIOUS_MOVE = YES;
				CLANG_WARN_UNGUARDED_AVAILABILITY = YES_AGGRESSIVE;
				CLANG_WARN_UNREACHABLE_CODE = YES;
				CLANG_WARN__DUPLICATE_METHOD_MATCH = YES;
				COPY_PHASE_STRIP = NO;
				DEBUG_INFORMATION_FORMAT = dwarf;
				ENABLE_STRICT_OBJC_MSGSEND = YES;
				ENABLE_TESTABILITY = YES;
				GCC_C_LANGUAGE_STANDARD = gnu11;
				GCC_DYNAMIC_NO_PIC = NO;
				GCC_NO_COMMON_BLOCKS = YES;
				GCC_OPTIMIZATION_LEVEL = 0;
				GCC_PREPROCESSOR_DEFINITIONS = (
					"DEBUG=1",
					"$(inherited)",
				);
				GCC_WARN_64_TO_32_BIT_CONVERSION = YES;
				GCC_WARN_ABOUT_RETURN_TYPE = YES_ERROR;
				GCC_WARN_UNDECLARED_SELECTOR = YES;
				GCC_WARN_UNINITIALIZED_AUTOS = YES_AGGRESSIVE;
				GCC_WARN_UNUSED_FUNCTION = YES;
				GCC_WARN_UNUSED_VARIABLE = YES;
				IPHONEOS_DEPLOYMENT_TARGET = 16.2;
				MTL_ENABLE_DEBUG_INFO = INCLUDE_SOURCE;
				MTL_FAST_MATH = YES;
				ONLY_ACTIVE_ARCH = YES;
				SDKROOT = iphoneos;
				SWIFT_ACTIVE_COMPILATION_CONDITIONS = DEBUG;
				SWIFT_OPTIMIZATION_LEVEL = "-Onone";
			};
			name = Debug;
		};
		56F45F90299374A900108213 /* Release */ = {
			isa = XCBuildConfiguration;
			buildSettings = {
				ALWAYS_SEARCH_USER_PATHS = NO;
				CLANG_ANALYZER_NONNULL = YES;
				CLANG_ANALYZER_NUMBER_OBJECT_CONVERSION = YES_AGGRESSIVE;
				CLANG_CXX_LANGUAGE_STANDARD = "gnu++20";
				CLANG_ENABLE_MODULES = YES;
				CLANG_ENABLE_OBJC_ARC = YES;
				CLANG_ENABLE_OBJC_WEAK = YES;
				CLANG_WARN_BLOCK_CAPTURE_AUTORELEASING = YES;
				CLANG_WARN_BOOL_CONVERSION = YES;
				CLANG_WARN_COMMA = YES;
				CLANG_WARN_CONSTANT_CONVERSION = YES;
				CLANG_WARN_DEPRECATED_OBJC_IMPLEMENTATIONS = YES;
				CLANG_WARN_DIRECT_OBJC_ISA_USAGE = YES_ERROR;
				CLANG_WARN_DOCUMENTATION_COMMENTS = YES;
				CLANG_WARN_EMPTY_BODY = YES;
				CLANG_WARN_ENUM_CONVERSION = YES;
				CLANG_WARN_INFINITE_RECURSION = YES;
				CLANG_WARN_INT_CONVERSION = YES;
				CLANG_WARN_NON_LITERAL_NULL_CONVERSION = YES;
				CLANG_WARN_OBJC_IMPLICIT_RETAIN_SELF = YES;
				CLANG_WARN_OBJC_LITERAL_CONVERSION = YES;
				CLANG_WARN_OBJC_ROOT_CLASS = YES_ERROR;
				CLANG_WARN_QUOTED_INCLUDE_IN_FRAMEWORK_HEADER = YES;
				CLANG_WARN_RANGE_LOOP_ANALYSIS = YES;
				CLANG_WARN_STRICT_PROTOTYPES = YES;
				CLANG_WARN_SUSPICIOUS_MOVE = YES;
				CLANG_WARN_UNGUARDED_AVAILABILITY = YES_AGGRESSIVE;
				CLANG_WARN_UNREACHABLE_CODE = YES;
				CLANG_WARN__DUPLICATE_METHOD_MATCH = YES;
				COPY_PHASE_STRIP = NO;
				DEBUG_INFORMATION_FORMAT = "dwarf-with-dsym";
				ENABLE_NS_ASSERTIONS = NO;
				ENABLE_STRICT_OBJC_MSGSEND = YES;
				GCC_C_LANGUAGE_STANDARD = gnu11;
				GCC_NO_COMMON_BLOCKS = YES;
				GCC_WARN_64_TO_32_BIT_CONVERSION = YES;
				GCC_WARN_ABOUT_RETURN_TYPE = YES_ERROR;
				GCC_WARN_UNDECLARED_SELECTOR = YES;
				GCC_WARN_UNINITIALIZED_AUTOS = YES_AGGRESSIVE;
				GCC_WARN_UNUSED_FUNCTION = YES;
				GCC_WARN_UNUSED_VARIABLE = YES;
				IPHONEOS_DEPLOYMENT_TARGET = 16.2;
				MTL_ENABLE_DEBUG_INFO = NO;
				MTL_FAST_MATH = YES;
				SDKROOT = iphoneos;
				SWIFT_COMPILATION_MODE = wholemodule;
				SWIFT_OPTIMIZATION_LEVEL = "-O";
				VALIDATE_PRODUCT = YES;
			};
			name = Release;
		};
		56F45F92299374A900108213 /* Debug */ = {
			isa = XCBuildConfiguration;
			buildSettings = {
				ASSETCATALOG_COMPILER_APPICON_NAME = AppIcon;
				ASSETCATALOG_COMPILER_GLOBAL_ACCENT_COLOR_NAME = AccentColor;
				CODE_SIGN_STYLE = Automatic;
				CURRENT_PROJECT_VERSION = 1;
				GENERATE_INFOPLIST_FILE = YES;
				INFOPLIST_FILE = Shader/Info.plist;
				INFOPLIST_KEY_UIApplicationSupportsIndirectInputEvents = YES;
				INFOPLIST_KEY_UILaunchStoryboardName = LaunchScreen;
				INFOPLIST_KEY_UIMainStoryboardFile = Main;
				INFOPLIST_KEY_UISupportedInterfaceOrientations_iPad = "UIInterfaceOrientationPortrait UIInterfaceOrientationPortraitUpsideDown UIInterfaceOrientationLandscapeLeft UIInterfaceOrientationLandscapeRight";
				INFOPLIST_KEY_UISupportedInterfaceOrientations_iPhone = "UIInterfaceOrientationPortrait UIInterfaceOrientationLandscapeLeft UIInterfaceOrientationLandscapeRight";
				LD_RUNPATH_SEARCH_PATHS = (
					"$(inherited)",
					"@executable_path/Frameworks",
				);
				MARKETING_VERSION = 1.0;
				PRODUCT_BUNDLE_IDENTIFIER = com.yukiny.example.Shader;
				PRODUCT_NAME = "$(TARGET_NAME)";
				SWIFT_EMIT_LOC_STRINGS = YES;
				SWIFT_VERSION = 5.0;
				TARGETED_DEVICE_FAMILY = "1,2";
			};
			name = Debug;
		};
		56F45F93299374A900108213 /* Release */ = {
			isa = XCBuildConfiguration;
			buildSettings = {
				ASSETCATALOG_COMPILER_APPICON_NAME = AppIcon;
				ASSETCATALOG_COMPILER_GLOBAL_ACCENT_COLOR_NAME = AccentColor;
				CODE_SIGN_STYLE = Automatic;
				CURRENT_PROJECT_VERSION = 1;
				GENERATE_INFOPLIST_FILE = YES;
				INFOPLIST_FILE = Shader/Info.plist;
				INFOPLIST_KEY_UIApplicationSupportsIndirectInputEvents = YES;
				INFOPLIST_KEY_UILaunchStoryboardName = LaunchScreen;
				INFOPLIST_KEY_UIMainStoryboardFile = Main;
				INFOPLIST_KEY_UISupportedInterfaceOrientations_iPad = "UIInterfaceOrientationPortrait UIInterfaceOrientationPortraitUpsideDown UIInterfaceOrientationLandscapeLeft UIInterfaceOrientationLandscapeRight";
				INFOPLIST_KEY_UISupportedInterfaceOrientations_iPhone = "UIInterfaceOrientationPortrait UIInterfaceOrientationLandscapeLeft UIInterfaceOrientationLandscapeRight";
				LD_RUNPATH_SEARCH_PATHS = (
					"$(inherited)",
					"@executable_path/Frameworks",
				);
				MARKETING_VERSION = 1.0;
				PRODUCT_BUNDLE_IDENTIFIER = com.yukiny.example.Shader;
				PRODUCT_NAME = "$(TARGET_NAME)";
				SWIFT_EMIT_LOC_STRINGS = YES;
				SWIFT_VERSION = 5.0;
				TARGETED_DEVICE_FAMILY = "1,2";
			};
			name = Release;
		};
/* End XCBuildConfiguration section */

/* Begin XCConfigurationList section */
		56F45F78299374A900108213 /* Build configuration list for PBXProject "Shader" */ = {
			isa = XCConfigurationList;
			buildConfigurations = (
				56F45F8F299374A900108213 /* Debug */,
				56F45F90299374A900108213 /* Release */,
			);
			defaultConfigurationIsVisible = 0;
			defaultConfigurationName = Release;
		};
		56F45F91299374A900108213 /* Build configuration list for PBXNativeTarget "Shader" */ = {
			isa = XCConfigurationList;
			buildConfigurations = (
				56F45F92299374A900108213 /* Debug */,
				56F45F93299374A900108213 /* Release */,
			);
			defaultConfigurationIsVisible = 0;
			defaultConfigurationName = Release;
		};
/* End XCConfigurationList section */
	};
	rootObject = 56F45F75299374A900108213 /* Project object */;
}
